
Microsoft Visual Studio Solution File, Format Version 12.00
# Visual Studio Version 16
VisualStudioVersion = 16.0.30804.86
MinimumVisualStudioVersion = 10.0.40219.1
Project("{FAE04EC0-301F-11D3-BF4B-00C04F79EFBC}") = "TestProject", "TestProject\TestProject.csproj", "{43D61561-6B06-4361-A8E3-515777632339}"
EndProject
Global
	GlobalSection(SolutionConfigurationPlatforms) = preSolution
		Debug|Any CPU = Debug|Any CPU
		Release|Any CPU = Release|Any CPU
	EndGlobalSection
	GlobalSection(ProjectConfigurationPlatforms) = postSolution
		{43D61561-6B06-4361-A8E3-515777632339}.Debug|Any CPU.ActiveCfg = Debug|Any CPU
		{43D61561-6B06-4361-A8E3-515777632339}.Debug|Any CPU.Build.0 = Debug|Any CPU
		{43D61561-6B06-4361-A8E3-515777632339}.Release|Any CPU.ActiveCfg = Release|Any CPU
		{43D61561-6B06-4361-A8E3-515777632339}.Release|Any CPU.Build.0 = Release|Any CPU
	EndGlobalSection
	GlobalSection(SolutionProperties) = preSolution
		HideSolutionNode = FALSE
	EndGlobalSection
	GlobalSection(ExtensibilityGlobals) = postSolution
		SolutionGuid = {E3671D35-DDD7-4744-8B97-2610BD68F73A}
	EndGlobalSection
EndGlobal
